
Microsoft Visual Studio Solution File, Format Version 12.00
# Visual Studio Version 17
VisualStudioVersion = 17.10.35004.147
MinimumVisualStudioVersion = 10.0.40219.1
Project("{FAE04EC0-301F-11D3-BF4B-00C04F79EFBC}") = "eTickets", "eTickets\eTickets.csproj", "{9E029D8F-A2DE-4C50-A3C4-95E3AC8567BE}"
EndProject
Global
	GlobalSection(SolutionConfigurationPlatforms) = preSolution
		Debug|Any CPU = Debug|Any CPU
		Release|Any CPU = Release|Any CPU
	EndGlobalSection
	GlobalSection(ProjectConfigurationPlatforms) = postSolution
		{9E029D8F-A2DE-4C50-A3C4-95E3AC8567BE}.Debug|Any CPU.ActiveCfg = Debug|Any CPU
		{9E029D8F-A2DE-4C50-A3C4-95E3AC8567BE}.Debug|Any CPU.Build.0 = Debug|Any CPU
		{9E029D8F-A2DE-4C50-A3C4-95E3AC8567BE}.Release|Any CPU.ActiveCfg = Release|Any CPU
		{9E029D8F-A2DE-4C50-A3C4-95E3AC8567BE}.Release|Any CPU.Build.0 = Release|Any CPU
	EndGlobalSection
	GlobalSection(SolutionProperties) = preSolution
		HideSolutionNode = FALSE
	EndGlobalSection
	GlobalSection(ExtensibilityGlobals) = postSolution
		SolutionGuid = {E406CF0B-6D44-459A-BAC1-A6C4E99646FD}
	EndGlobalSection
EndGlobal
